// !$*UTF8*$!
{
	archiveVersion = 1;
	classes = {
	};
	objectVersion = 56;
	objects = {

/* Begin PBXBuildFile section */
		5926C5B42B59BBE30065030E /* AppManager.swift in Sources */ = {isa = PBXBuildFile; fileRef = 5926C5B32B59BBE30065030E /* AppManager.swift */; };
		5926C5B62B59BCFB0065030E /* AppActionManager.swift in Sources */ = {isa = PBXBuildFile; fileRef = 5926C5B52B59BCFB0065030E /* AppActionManager.swift */; };
		5926C5BB2B5C2FE60065030E /* Color+Extension.swift in Sources */ = {isa = PBXBuildFile; fileRef = 5926C5BA2B5C2FE60065030E /* Color+Extension.swift */; };
		5926C5BD2B5C44910065030E /* ColorCarouselView.swift in Sources */ = {isa = PBXBuildFile; fileRef = 5926C5BC2B5C44910065030E /* ColorCarouselView.swift */; };
		5926C5BF2B5C8E8B0065030E /* ColorCarouselViewModel.swift in Sources */ = {isa = PBXBuildFile; fileRef = 5926C5BE2B5C8E8B0065030E /* ColorCarouselViewModel.swift */; };
		5926C5C12B5C921F0065030E /* AppUtils.swift in Sources */ = {isa = PBXBuildFile; fileRef = 5926C5C02B5C921F0065030E /* AppUtils.swift */; };
		5926C5C32B5C96FE0065030E /* AppConstants.swift in Sources */ = {isa = PBXBuildFile; fileRef = 5926C5C22B5C96FE0065030E /* AppConstants.swift */; };
		5955A8532B94F04700AECF1D /* AppActionManager+Notifications.swift in Sources */ = {isa = PBXBuildFile; fileRef = 5955A8522B94F04700AECF1D /* AppActionManager+Notifications.swift */; };
		5955A8552B94F8A400AECF1D /* AppDelegate.swift in Sources */ = {isa = PBXBuildFile; fileRef = 5955A8542B94F8A400AECF1D /* AppDelegate.swift */; };
		59716AA02B8A46C100DDD820 /* ShareUIActivityController.swift in Sources */ = {isa = PBXBuildFile; fileRef = 59716A9F2B8A46C100DDD820 /* ShareUIActivityController.swift */; };
		59716AA22B8A51A400DDD820 /* AppUtils+QrCode.swift in Sources */ = {isa = PBXBuildFile; fileRef = 59716AA12B8A51A400DDD820 /* AppUtils+QrCode.swift */; };
		59716AA42B8A7C3500DDD820 /* QRCodeView.swift in Sources */ = {isa = PBXBuildFile; fileRef = 59716AA32B8A7C3500DDD820 /* QRCodeView.swift */; };
		59716AA62B8A8EE300DDD820 /* QRCodeScannerView.swift in Sources */ = {isa = PBXBuildFile; fileRef = 59716AA52B8A8EE300DDD820 /* QRCodeScannerView.swift */; };
		598C2F002B34C66200C291C3 /* SafeWalletApp.swift in Sources */ = {isa = PBXBuildFile; fileRef = 598C2EFF2B34C66200C291C3 /* SafeWalletApp.swift */; };
		598C2F022B34C66200C291C3 /* Persistence.swift in Sources */ = {isa = PBXBuildFile; fileRef = 598C2F012B34C66200C291C3 /* Persistence.swift */; };
		598C2F052B34C66200C291C3 /* SafeWallet.xcdatamodeld in Sources */ = {isa = PBXBuildFile; fileRef = 598C2F032B34C66200C291C3 /* SafeWallet.xcdatamodeld */; };
		598C2F072B34C66200C291C3 /* CardListView.swift in Sources */ = {isa = PBXBuildFile; fileRef = 598C2F062B34C66200C291C3 /* CardListView.swift */; };
		598C2F092B34C66300C291C3 /* Assets.xcassets in Resources */ = {isa = PBXBuildFile; fileRef = 598C2F082B34C66300C291C3 /* Assets.xcassets */; };
		598C2F0D2B34C66300C291C3 /* Preview Assets.xcassets in Resources */ = {isa = PBXBuildFile; fileRef = 598C2F0C2B34C66300C291C3 /* Preview Assets.xcassets */; };
		598C2F172B34C66300C291C3 /* SafeWalletTests.swift in Sources */ = {isa = PBXBuildFile; fileRef = 598C2F162B34C66300C291C3 /* SafeWalletTests.swift */; };
		598C2F212B34C66300C291C3 /* SafeWalletUITests.swift in Sources */ = {isa = PBXBuildFile; fileRef = 598C2F202B34C66300C291C3 /* SafeWalletUITests.swift */; };
		598C2F232B34C66300C291C3 /* SafeWalletUITestsLaunchTests.swift in Sources */ = {isa = PBXBuildFile; fileRef = 598C2F222B34C66300C291C3 /* SafeWalletUITestsLaunchTests.swift */; };
		598C2F3A2B34D44000C291C3 /* Card+CoreDataClass.swift in Sources */ = {isa = PBXBuildFile; fileRef = 598C2F382B34D44000C291C3 /* Card+CoreDataClass.swift */; };
		598C2F3B2B34D44000C291C3 /* Card+CoreDataProperties.swift in Sources */ = {isa = PBXBuildFile; fileRef = 598C2F392B34D44000C291C3 /* Card+CoreDataProperties.swift */; };
		598C2F3D2B360DC800C291C3 /* AddCardView.swift in Sources */ = {isa = PBXBuildFile; fileRef = 598C2F3C2B360DC800C291C3 /* AddCardView.swift */; };
		598C2F412B37413900C291C3 /* AddCardViewModel.swift in Sources */ = {isa = PBXBuildFile; fileRef = 598C2F402B37413900C291C3 /* AddCardViewModel.swift */; };
		598C2F432B37421A00C291C3 /* CardListViewModel.swift in Sources */ = {isa = PBXBuildFile; fileRef = 598C2F422B37421A00C291C3 /* CardListViewModel.swift */; };
		598C2F452B37BB1C00C291C3 /* CardDetailsView.swift in Sources */ = {isa = PBXBuildFile; fileRef = 598C2F442B37BB1C00C291C3 /* CardDetailsView.swift */; };
		598D18C12B4C72B900D88C08 /* MyCardView.swift in Sources */ = {isa = PBXBuildFile; fileRef = 598D18C02B4C72B900D88C08 /* MyCardView.swift */; };
		598D18C32B4C8E8000D88C08 /* MyCardViewModel.swift in Sources */ = {isa = PBXBuildFile; fileRef = 598D18C22B4C8E8000D88C08 /* MyCardViewModel.swift */; };
		599B57DF2B8BBEC7002CE497 /* AddCardButtonViewModel.swift in Sources */ = {isa = PBXBuildFile; fileRef = 599B57DE2B8BBEC7002CE497 /* AddCardButtonViewModel.swift */; };
		599B57E12B8BC54F002CE497 /* CardRowViewModel.swift in Sources */ = {isa = PBXBuildFile; fileRef = 599B57E02B8BC54F002CE497 /* CardRowViewModel.swift */; };
		59BD328A2B752F9C00DC8F08 /* ViewModelProtocol.swift in Sources */ = {isa = PBXBuildFile; fileRef = 59BD32892B752F9C00DC8F08 /* ViewModelProtocol.swift */; };
		59BD328C2B79495700DC8F08 /* MenuTextView.swift in Sources */ = {isa = PBXBuildFile; fileRef = 59BD328B2B79495700DC8F08 /* MenuTextView.swift */; };
		59BD328E2B797A9200DC8F08 /* AddCardViewModelProtocol.swift in Sources */ = {isa = PBXBuildFile; fileRef = 59BD328D2B797A9200DC8F08 /* AddCardViewModelProtocol.swift */; };
		59BD32902B797DC500DC8F08 /* AddCardButton.swift in Sources */ = {isa = PBXBuildFile; fileRef = 59BD328F2B797DC500DC8F08 /* AddCardButton.swift */; };
		59BD32942B7C149100DC8F08 /* CardRow.swift in Sources */ = {isa = PBXBuildFile; fileRef = 59BD32932B7C149100DC8F08 /* CardRow.swift */; };
		59BD32962B7D2C9000DC8F08 /* CardViewModel.swift in Sources */ = {isa = PBXBuildFile; fileRef = 59BD32952B7D2C9000DC8F08 /* CardViewModel.swift */; };
		59BD32A32B80FCE400DC8F08 /* ProtectScreenViewController.swift in Sources */ = {isa = PBXBuildFile; fileRef = 59BD32A22B80FCE400DC8F08 /* ProtectScreenViewController.swift */; };
		59BD32A52B80FE5B00DC8F08 /* UIColor+Extension.swift in Sources */ = {isa = PBXBuildFile; fileRef = 59BD32A42B80FE5B00DC8F08 /* UIColor+Extension.swift */; };
		59DFA19F2B3B6FD000EFD403 /* CardDetailsViewModel.swift in Sources */ = {isa = PBXBuildFile; fileRef = 59DFA19E2B3B6FD000EFD403 /* CardDetailsViewModel.swift */; };
		59DFA1A12B3DCD5000EFD403 /* BiometricAuth.swift in Sources */ = {isa = PBXBuildFile; fileRef = 59DFA1A02B3DCD5000EFD403 /* BiometricAuth.swift */; };
/* End PBXBuildFile section */

/* Begin PBXContainerItemProxy section */
		598C2F132B34C66300C291C3 /* PBXContainerItemProxy */ = {
			isa = PBXContainerItemProxy;
			containerPortal = 598C2EF42B34C66200C291C3 /* Project object */;
			proxyType = 1;
			remoteGlobalIDString = 598C2EFB2B34C66200C291C3;
			remoteInfo = SafeWallet;
		};
		598C2F1D2B34C66300C291C3 /* PBXContainerItemProxy */ = {
			isa = PBXContainerItemProxy;
			containerPortal = 598C2EF42B34C66200C291C3 /* Project object */;
			proxyType = 1;
			remoteGlobalIDString = 598C2EFB2B34C66200C291C3;
			remoteInfo = SafeWallet;
		};
/* End PBXContainerItemProxy section */

/* Begin PBXFileReference section */
		5926C5B32B59BBE30065030E /* AppManager.swift */ = {isa = PBXFileReference; lastKnownFileType = sourcecode.swift; path = AppManager.swift; sourceTree = "<group>"; };
		5926C5B52B59BCFB0065030E /* AppActionManager.swift */ = {isa = PBXFileReference; lastKnownFileType = sourcecode.swift; path = AppActionManager.swift; sourceTree = "<group>"; };
		5926C5BA2B5C2FE60065030E /* Color+Extension.swift */ = {isa = PBXFileReference; lastKnownFileType = sourcecode.swift; path = "Color+Extension.swift"; sourceTree = "<group>"; };
		5926C5BC2B5C44910065030E /* ColorCarouselView.swift */ = {isa = PBXFileReference; lastKnownFileType = sourcecode.swift; path = ColorCarouselView.swift; sourceTree = "<group>"; };
		5926C5BE2B5C8E8B0065030E /* ColorCarouselViewModel.swift */ = {isa = PBXFileReference; lastKnownFileType = sourcecode.swift; path = ColorCarouselViewModel.swift; sourceTree = "<group>"; };
		5926C5C02B5C921F0065030E /* AppUtils.swift */ = {isa = PBXFileReference; lastKnownFileType = sourcecode.swift; path = AppUtils.swift; sourceTree = "<group>"; };
		5926C5C22B5C96FE0065030E /* AppConstants.swift */ = {isa = PBXFileReference; lastKnownFileType = sourcecode.swift; path = AppConstants.swift; sourceTree = "<group>"; };
		5955A8522B94F04700AECF1D /* AppActionManager+Notifications.swift */ = {isa = PBXFileReference; lastKnownFileType = sourcecode.swift; path = "AppActionManager+Notifications.swift"; sourceTree = "<group>"; };
		5955A8542B94F8A400AECF1D /* AppDelegate.swift */ = {isa = PBXFileReference; lastKnownFileType = sourcecode.swift; path = AppDelegate.swift; sourceTree = "<group>"; };
		59716A9F2B8A46C100DDD820 /* ShareUIActivityController.swift */ = {isa = PBXFileReference; lastKnownFileType = sourcecode.swift; path = ShareUIActivityController.swift; sourceTree = "<group>"; };
		59716AA12B8A51A400DDD820 /* AppUtils+QrCode.swift */ = {isa = PBXFileReference; lastKnownFileType = sourcecode.swift; path = "AppUtils+QrCode.swift"; sourceTree = "<group>"; };
		59716AA32B8A7C3500DDD820 /* QRCodeView.swift */ = {isa = PBXFileReference; lastKnownFileType = sourcecode.swift; path = QRCodeView.swift; sourceTree = "<group>"; };
		59716AA52B8A8EE300DDD820 /* QRCodeScannerView.swift */ = {isa = PBXFileReference; lastKnownFileType = sourcecode.swift; path = QRCodeScannerView.swift; sourceTree = "<group>"; };
		598C2EFC2B34C66200C291C3 /* SafeWallet.app */ = {isa = PBXFileReference; explicitFileType = wrapper.application; includeInIndex = 0; path = SafeWallet.app; sourceTree = BUILT_PRODUCTS_DIR; };
		598C2EFF2B34C66200C291C3 /* SafeWalletApp.swift */ = {isa = PBXFileReference; lastKnownFileType = sourcecode.swift; path = SafeWalletApp.swift; sourceTree = "<group>"; };
		598C2F012B34C66200C291C3 /* Persistence.swift */ = {isa = PBXFileReference; lastKnownFileType = sourcecode.swift; path = Persistence.swift; sourceTree = "<group>"; };
		598C2F042B34C66200C291C3 /* SafeWallet.xcdatamodel */ = {isa = PBXFileReference; lastKnownFileType = wrapper.xcdatamodel; path = SafeWallet.xcdatamodel; sourceTree = "<group>"; };
		598C2F062B34C66200C291C3 /* CardListView.swift */ = {isa = PBXFileReference; lastKnownFileType = sourcecode.swift; path = CardListView.swift; sourceTree = "<group>"; };
		598C2F082B34C66300C291C3 /* Assets.xcassets */ = {isa = PBXFileReference; lastKnownFileType = folder.assetcatalog; path = Assets.xcassets; sourceTree = "<group>"; };
		598C2F0A2B34C66300C291C3 /* SafeWallet.entitlements */ = {isa = PBXFileReference; lastKnownFileType = text.plist.entitlements; path = SafeWallet.entitlements; sourceTree = "<group>"; };
		598C2F0C2B34C66300C291C3 /* Preview Assets.xcassets */ = {isa = PBXFileReference; lastKnownFileType = folder.assetcatalog; path = "Preview Assets.xcassets"; sourceTree = "<group>"; };
		598C2F122B34C66300C291C3 /* SafeWalletTests.xctest */ = {isa = PBXFileReference; explicitFileType = wrapper.cfbundle; includeInIndex = 0; path = SafeWalletTests.xctest; sourceTree = BUILT_PRODUCTS_DIR; };
		598C2F162B34C66300C291C3 /* SafeWalletTests.swift */ = {isa = PBXFileReference; lastKnownFileType = sourcecode.swift; path = SafeWalletTests.swift; sourceTree = "<group>"; };
		598C2F1C2B34C66300C291C3 /* SafeWalletUITests.xctest */ = {isa = PBXFileReference; explicitFileType = wrapper.cfbundle; includeInIndex = 0; path = SafeWalletUITests.xctest; sourceTree = BUILT_PRODUCTS_DIR; };
		598C2F202B34C66300C291C3 /* SafeWalletUITests.swift */ = {isa = PBXFileReference; lastKnownFileType = sourcecode.swift; path = SafeWalletUITests.swift; sourceTree = "<group>"; };
		598C2F222B34C66300C291C3 /* SafeWalletUITestsLaunchTests.swift */ = {isa = PBXFileReference; lastKnownFileType = sourcecode.swift; path = SafeWalletUITestsLaunchTests.swift; sourceTree = "<group>"; };
		598C2F382B34D44000C291C3 /* Card+CoreDataClass.swift */ = {isa = PBXFileReference; lastKnownFileType = sourcecode.swift; path = "Card+CoreDataClass.swift"; sourceTree = "<group>"; };
		598C2F392B34D44000C291C3 /* Card+CoreDataProperties.swift */ = {isa = PBXFileReference; lastKnownFileType = sourcecode.swift; path = "Card+CoreDataProperties.swift"; sourceTree = "<group>"; };
		598C2F3C2B360DC800C291C3 /* AddCardView.swift */ = {isa = PBXFileReference; lastKnownFileType = sourcecode.swift; path = AddCardView.swift; sourceTree = "<group>"; };
		598C2F402B37413900C291C3 /* AddCardViewModel.swift */ = {isa = PBXFileReference; lastKnownFileType = sourcecode.swift; path = AddCardViewModel.swift; sourceTree = "<group>"; };
		598C2F422B37421A00C291C3 /* CardListViewModel.swift */ = {isa = PBXFileReference; lastKnownFileType = sourcecode.swift; path = CardListViewModel.swift; sourceTree = "<group>"; };
		598C2F442B37BB1C00C291C3 /* CardDetailsView.swift */ = {isa = PBXFileReference; lastKnownFileType = sourcecode.swift; path = CardDetailsView.swift; sourceTree = "<group>"; };
		598D18C02B4C72B900D88C08 /* MyCardView.swift */ = {isa = PBXFileReference; lastKnownFileType = sourcecode.swift; path = MyCardView.swift; sourceTree = "<group>"; };
		598D18C22B4C8E8000D88C08 /* MyCardViewModel.swift */ = {isa = PBXFileReference; lastKnownFileType = sourcecode.swift; path = MyCardViewModel.swift; sourceTree = "<group>"; };
		599B57DE2B8BBEC7002CE497 /* AddCardButtonViewModel.swift */ = {isa = PBXFileReference; lastKnownFileType = sourcecode.swift; path = AddCardButtonViewModel.swift; sourceTree = "<group>"; };
		599B57E02B8BC54F002CE497 /* CardRowViewModel.swift */ = {isa = PBXFileReference; lastKnownFileType = sourcecode.swift; path = CardRowViewModel.swift; sourceTree = "<group>"; };
		59BD32892B752F9C00DC8F08 /* ViewModelProtocol.swift */ = {isa = PBXFileReference; lastKnownFileType = sourcecode.swift; path = ViewModelProtocol.swift; sourceTree = "<group>"; };
		59BD328B2B79495700DC8F08 /* MenuTextView.swift */ = {isa = PBXFileReference; lastKnownFileType = sourcecode.swift; path = MenuTextView.swift; sourceTree = "<group>"; };
		59BD328D2B797A9200DC8F08 /* AddCardViewModelProtocol.swift */ = {isa = PBXFileReference; lastKnownFileType = sourcecode.swift; path = AddCardViewModelProtocol.swift; sourceTree = "<group>"; };
		59BD328F2B797DC500DC8F08 /* AddCardButton.swift */ = {isa = PBXFileReference; lastKnownFileType = sourcecode.swift; path = AddCardButton.swift; sourceTree = "<group>"; };
		59BD32932B7C149100DC8F08 /* CardRow.swift */ = {isa = PBXFileReference; lastKnownFileType = sourcecode.swift; path = CardRow.swift; sourceTree = "<group>"; };
		59BD32952B7D2C9000DC8F08 /* CardViewModel.swift */ = {isa = PBXFileReference; lastKnownFileType = sourcecode.swift; path = CardViewModel.swift; sourceTree = "<group>"; };
		59BD32A22B80FCE400DC8F08 /* ProtectScreenViewController.swift */ = {isa = PBXFileReference; lastKnownFileType = sourcecode.swift; path = ProtectScreenViewController.swift; sourceTree = "<group>"; };
		59BD32A42B80FE5B00DC8F08 /* UIColor+Extension.swift */ = {isa = PBXFileReference; lastKnownFileType = sourcecode.swift; path = "UIColor+Extension.swift"; sourceTree = "<group>"; };
		59DFA19E2B3B6FD000EFD403 /* CardDetailsViewModel.swift */ = {isa = PBXFileReference; lastKnownFileType = sourcecode.swift; path = CardDetailsViewModel.swift; sourceTree = "<group>"; };
		59DFA1A02B3DCD5000EFD403 /* BiometricAuth.swift */ = {isa = PBXFileReference; lastKnownFileType = sourcecode.swift; path = BiometricAuth.swift; sourceTree = "<group>"; };
		59DFA1A22B3DCDB500EFD403 /* Info.plist */ = {isa = PBXFileReference; lastKnownFileType = text.plist; path = Info.plist; sourceTree = "<group>"; };
/* End PBXFileReference section */

/* Begin PBXFrameworksBuildPhase section */
		598C2EF92B34C66200C291C3 /* Frameworks */ = {
			isa = PBXFrameworksBuildPhase;
			buildActionMask = 2147483647;
			files = (
			);
			runOnlyForDeploymentPostprocessing = 0;
		};
		598C2F0F2B34C66300C291C3 /* Frameworks */ = {
			isa = PBXFrameworksBuildPhase;
			buildActionMask = 2147483647;
			files = (
			);
			runOnlyForDeploymentPostprocessing = 0;
		};
		598C2F192B34C66300C291C3 /* Frameworks */ = {
			isa = PBXFrameworksBuildPhase;
			buildActionMask = 2147483647;
			files = (
			);
			runOnlyForDeploymentPostprocessing = 0;
		};
/* End PBXFrameworksBuildPhase section */

/* Begin PBXGroup section */
		5926C5B22B59BBD90065030E /* Managers */ = {
			isa = PBXGroup;
			children = (
				5926C5B32B59BBE30065030E /* AppManager.swift */,
				5926C5B52B59BCFB0065030E /* AppActionManager.swift */,
				5926C5C02B5C921F0065030E /* AppUtils.swift */,
				59716AA12B8A51A400DDD820 /* AppUtils+QrCode.swift */,
				5926C5C22B5C96FE0065030E /* AppConstants.swift */,
				5955A8522B94F04700AECF1D /* AppActionManager+Notifications.swift */,
			);
			path = Managers;
			sourceTree = "<group>";
		};
		5926C5B92B5C2FDC0065030E /* Extensions */ = {
			isa = PBXGroup;
			children = (
				5926C5BA2B5C2FE60065030E /* Color+Extension.swift */,
				59BD32A42B80FE5B00DC8F08 /* UIColor+Extension.swift */,
			);
			path = Extensions;
			sourceTree = "<group>";
		};
		59716A9E2B8A46A800DDD820 /* UIViewControllerRepresentables */ = {
			isa = PBXGroup;
			children = (
				59716A9F2B8A46C100DDD820 /* ShareUIActivityController.swift */,
			);
			path = UIViewControllerRepresentables;
			sourceTree = "<group>";
		};
		598C2EF32B34C66200C291C3 = {
			isa = PBXGroup;
			children = (
				598C2EFE2B34C66200C291C3 /* SafeWallet */,
				598C2F152B34C66300C291C3 /* SafeWalletTests */,
				598C2F1F2B34C66300C291C3 /* SafeWalletUITests */,
				598C2EFD2B34C66200C291C3 /* Products */,
			);
			sourceTree = "<group>";
		};
		598C2EFD2B34C66200C291C3 /* Products */ = {
			isa = PBXGroup;
			children = (
				598C2EFC2B34C66200C291C3 /* SafeWallet.app */,
				598C2F122B34C66300C291C3 /* SafeWalletTests.xctest */,
				598C2F1C2B34C66300C291C3 /* SafeWalletUITests.xctest */,
			);
			name = Products;
			sourceTree = "<group>";
		};
		598C2EFE2B34C66200C291C3 /* SafeWallet */ = {
			isa = PBXGroup;
			children = (
				59716A9E2B8A46A800DDD820 /* UIViewControllerRepresentables */,
				59BD32A12B80FCD600DC8F08 /* ViewControllers */,
				5926C5B92B5C2FDC0065030E /* Extensions */,
				5926C5B22B59BBD90065030E /* Managers */,
				59DFA1A22B3DCDB500EFD403 /* Info.plist */,
				598C2F3F2B37412700C291C3 /* ViewModels */,
				598C2F3E2B360DD200C291C3 /* Views */,
				598C2F2F2B34C70700C291C3 /* Models */,
				598C2EFF2B34C66200C291C3 /* SafeWalletApp.swift */,
				598C2F012B34C66200C291C3 /* Persistence.swift */,
				59DFA1A02B3DCD5000EFD403 /* BiometricAuth.swift */,
				5955A8542B94F8A400AECF1D /* AppDelegate.swift */,
				598C2F082B34C66300C291C3 /* Assets.xcassets */,
				598C2F0A2B34C66300C291C3 /* SafeWallet.entitlements */,
				598C2F032B34C66200C291C3 /* SafeWallet.xcdatamodeld */,
				598C2F0B2B34C66300C291C3 /* Preview Content */,
			);
			path = SafeWallet;
			sourceTree = "<group>";
		};
		598C2F0B2B34C66300C291C3 /* Preview Content */ = {
			isa = PBXGroup;
			children = (
				598C2F0C2B34C66300C291C3 /* Preview Assets.xcassets */,
			);
			path = "Preview Content";
			sourceTree = "<group>";
		};
		598C2F152B34C66300C291C3 /* SafeWalletTests */ = {
			isa = PBXGroup;
			children = (
				598C2F162B34C66300C291C3 /* SafeWalletTests.swift */,
			);
			path = SafeWalletTests;
			sourceTree = "<group>";
		};
		598C2F1F2B34C66300C291C3 /* SafeWalletUITests */ = {
			isa = PBXGroup;
			children = (
				598C2F202B34C66300C291C3 /* SafeWalletUITests.swift */,
				598C2F222B34C66300C291C3 /* SafeWalletUITestsLaunchTests.swift */,
			);
			path = SafeWalletUITests;
			sourceTree = "<group>";
		};
		598C2F2F2B34C70700C291C3 /* Models */ = {
			isa = PBXGroup;
			children = (
				598C2F382B34D44000C291C3 /* Card+CoreDataClass.swift */,
				598C2F392B34D44000C291C3 /* Card+CoreDataProperties.swift */,
			);
			path = Models;
			sourceTree = "<group>";
		};
		598C2F3E2B360DD200C291C3 /* Views */ = {
			isa = PBXGroup;
			children = (
				598C2F062B34C66200C291C3 /* CardListView.swift */,
				598C2F3C2B360DC800C291C3 /* AddCardView.swift */,
				598C2F442B37BB1C00C291C3 /* CardDetailsView.swift */,
				598D18C02B4C72B900D88C08 /* MyCardView.swift */,
				5926C5BC2B5C44910065030E /* ColorCarouselView.swift */,
				59BD328B2B79495700DC8F08 /* MenuTextView.swift */,
				59BD328F2B797DC500DC8F08 /* AddCardButton.swift */,
				59BD32932B7C149100DC8F08 /* CardRow.swift */,
				59716AA32B8A7C3500DDD820 /* QRCodeView.swift */,
				59716AA52B8A8EE300DDD820 /* QRCodeScannerView.swift */,
			);
			path = Views;
			sourceTree = "<group>";
		};
		598C2F3F2B37412700C291C3 /* ViewModels */ = {
			isa = PBXGroup;
			children = (
				598C2F402B37413900C291C3 /* AddCardViewModel.swift */,
				598C2F422B37421A00C291C3 /* CardListViewModel.swift */,
				59DFA19E2B3B6FD000EFD403 /* CardDetailsViewModel.swift */,
				598D18C22B4C8E8000D88C08 /* MyCardViewModel.swift */,
				5926C5BE2B5C8E8B0065030E /* ColorCarouselViewModel.swift */,
				59BD32892B752F9C00DC8F08 /* ViewModelProtocol.swift */,
				59BD328D2B797A9200DC8F08 /* AddCardViewModelProtocol.swift */,
				59BD32952B7D2C9000DC8F08 /* CardViewModel.swift */,
				599B57DE2B8BBEC7002CE497 /* AddCardButtonViewModel.swift */,
				599B57E02B8BC54F002CE497 /* CardRowViewModel.swift */,
			);
			path = ViewModels;
			sourceTree = "<group>";
		};
		59BD32A12B80FCD600DC8F08 /* ViewControllers */ = {
			isa = PBXGroup;
			children = (
				59BD32A22B80FCE400DC8F08 /* ProtectScreenViewController.swift */,
			);
			path = ViewControllers;
			sourceTree = "<group>";
		};
/* End PBXGroup section */

/* Begin PBXNativeTarget section */
		598C2EFB2B34C66200C291C3 /* SafeWallet */ = {
			isa = PBXNativeTarget;
			buildConfigurationList = 598C2F262B34C66300C291C3 /* Build configuration list for PBXNativeTarget "SafeWallet" */;
			buildPhases = (
				598C2EF82B34C66200C291C3 /* Sources */,
				598C2EF92B34C66200C291C3 /* Frameworks */,
				598C2EFA2B34C66200C291C3 /* Resources */,
			);
			buildRules = (
			);
			dependencies = (
			);
			name = SafeWallet;
			productName = SafeWallet;
			productReference = 598C2EFC2B34C66200C291C3 /* SafeWallet.app */;
			productType = "com.apple.product-type.application";
		};
		598C2F112B34C66300C291C3 /* SafeWalletTests */ = {
			isa = PBXNativeTarget;
			buildConfigurationList = 598C2F292B34C66300C291C3 /* Build configuration list for PBXNativeTarget "SafeWalletTests" */;
			buildPhases = (
				598C2F0E2B34C66300C291C3 /* Sources */,
				598C2F0F2B34C66300C291C3 /* Frameworks */,
				598C2F102B34C66300C291C3 /* Resources */,
			);
			buildRules = (
			);
			dependencies = (
				598C2F142B34C66300C291C3 /* PBXTargetDependency */,
			);
			name = SafeWalletTests;
			productName = SafeWalletTests;
			productReference = 598C2F122B34C66300C291C3 /* SafeWalletTests.xctest */;
			productType = "com.apple.product-type.bundle.unit-test";
		};
		598C2F1B2B34C66300C291C3 /* SafeWalletUITests */ = {
			isa = PBXNativeTarget;
			buildConfigurationList = 598C2F2C2B34C66300C291C3 /* Build configuration list for PBXNativeTarget "SafeWalletUITests" */;
			buildPhases = (
				598C2F182B34C66300C291C3 /* Sources */,
				598C2F192B34C66300C291C3 /* Frameworks */,
				598C2F1A2B34C66300C291C3 /* Resources */,
			);
			buildRules = (
			);
			dependencies = (
				598C2F1E2B34C66300C291C3 /* PBXTargetDependency */,
			);
			name = SafeWalletUITests;
			productName = SafeWalletUITests;
			productReference = 598C2F1C2B34C66300C291C3 /* SafeWalletUITests.xctest */;
			productType = "com.apple.product-type.bundle.ui-testing";
		};
/* End PBXNativeTarget section */

/* Begin PBXProject section */
		598C2EF42B34C66200C291C3 /* Project object */ = {
			isa = PBXProject;
			attributes = {
				BuildIndependentTargetsInParallel = 1;
				LastSwiftUpdateCheck = 1510;
				LastUpgradeCheck = 1510;
				TargetAttributes = {
					598C2EFB2B34C66200C291C3 = {
						CreatedOnToolsVersion = 15.1;
					};
					598C2F112B34C66300C291C3 = {
						CreatedOnToolsVersion = 15.1;
						TestTargetID = 598C2EFB2B34C66200C291C3;
					};
					598C2F1B2B34C66300C291C3 = {
						CreatedOnToolsVersion = 15.1;
						TestTargetID = 598C2EFB2B34C66200C291C3;
					};
				};
			};
			buildConfigurationList = 598C2EF72B34C66200C291C3 /* Build configuration list for PBXProject "SafeWallet" */;
			compatibilityVersion = "Xcode 14.0";
			developmentRegion = en;
			hasScannedForEncodings = 0;
			knownRegions = (
				en,
				Base,
			);
			mainGroup = 598C2EF32B34C66200C291C3;
			productRefGroup = 598C2EFD2B34C66200C291C3 /* Products */;
			projectDirPath = "";
			projectRoot = "";
			targets = (
				598C2EFB2B34C66200C291C3 /* SafeWallet */,
				598C2F112B34C66300C291C3 /* SafeWalletTests */,
				598C2F1B2B34C66300C291C3 /* SafeWalletUITests */,
			);
		};
/* End PBXProject section */

/* Begin PBXResourcesBuildPhase section */
		598C2EFA2B34C66200C291C3 /* Resources */ = {
			isa = PBXResourcesBuildPhase;
			buildActionMask = 2147483647;
			files = (
				598C2F0D2B34C66300C291C3 /* Preview Assets.xcassets in Resources */,
				598C2F092B34C66300C291C3 /* Assets.xcassets in Resources */,
			);
			runOnlyForDeploymentPostprocessing = 0;
		};
		598C2F102B34C66300C291C3 /* Resources */ = {
			isa = PBXResourcesBuildPhase;
			buildActionMask = 2147483647;
			files = (
			);
			runOnlyForDeploymentPostprocessing = 0;
		};
		598C2F1A2B34C66300C291C3 /* Resources */ = {
			isa = PBXResourcesBuildPhase;
			buildActionMask = 2147483647;
			files = (
			);
			runOnlyForDeploymentPostprocessing = 0;
		};
/* End PBXResourcesBuildPhase section */

/* Begin PBXSourcesBuildPhase section */
		598C2EF82B34C66200C291C3 /* Sources */ = {
			isa = PBXSourcesBuildPhase;
			buildActionMask = 2147483647;
			files = (
				59BD32942B7C149100DC8F08 /* CardRow.swift in Sources */,
				598C2F412B37413900C291C3 /* AddCardViewModel.swift in Sources */,
				59716AA02B8A46C100DDD820 /* ShareUIActivityController.swift in Sources */,
				598C2F432B37421A00C291C3 /* CardListViewModel.swift in Sources */,
				59716AA42B8A7C3500DDD820 /* QRCodeView.swift in Sources */,
				598C2F002B34C66200C291C3 /* SafeWalletApp.swift in Sources */,
				599B57DF2B8BBEC7002CE497 /* AddCardButtonViewModel.swift in Sources */,
				598C2F3A2B34D44000C291C3 /* Card+CoreDataClass.swift in Sources */,
				59BD32902B797DC500DC8F08 /* AddCardButton.swift in Sources */,
				5926C5C32B5C96FE0065030E /* AppConstants.swift in Sources */,
				5955A8532B94F04700AECF1D /* AppActionManager+Notifications.swift in Sources */,
				599B57E12B8BC54F002CE497 /* CardRowViewModel.swift in Sources */,
				598C2F052B34C66200C291C3 /* SafeWallet.xcdatamodeld in Sources */,
				5955A8552B94F8A400AECF1D /* AppDelegate.swift in Sources */,
				59BD32962B7D2C9000DC8F08 /* CardViewModel.swift in Sources */,
				598C2F3B2B34D44000C291C3 /* Card+CoreDataProperties.swift in Sources */,
				5926C5B42B59BBE30065030E /* AppManager.swift in Sources */,
				598D18C32B4C8E8000D88C08 /* MyCardViewModel.swift in Sources */,
				59716AA22B8A51A400DDD820 /* AppUtils+QrCode.swift in Sources */,
				59BD32A32B80FCE400DC8F08 /* ProtectScreenViewController.swift in Sources */,
				59DFA1A12B3DCD5000EFD403 /* BiometricAuth.swift in Sources */,
				59BD328E2B797A9200DC8F08 /* AddCardViewModelProtocol.swift in Sources */,
				5926C5BF2B5C8E8B0065030E /* ColorCarouselViewModel.swift in Sources */,
				598D18C12B4C72B900D88C08 /* MyCardView.swift in Sources */,
				59BD328C2B79495700DC8F08 /* MenuTextView.swift in Sources */,
				5926C5BD2B5C44910065030E /* ColorCarouselView.swift in Sources */,
				59BD32A52B80FE5B00DC8F08 /* UIColor+Extension.swift in Sources */,
				598C2F072B34C66200C291C3 /* CardListView.swift in Sources */,
				5926C5B62B59BCFB0065030E /* AppActionManager.swift in Sources */,
				59DFA19F2B3B6FD000EFD403 /* CardDetailsViewModel.swift in Sources */,
				59716AA62B8A8EE300DDD820 /* QRCodeScannerView.swift in Sources */,
				5926C5C12B5C921F0065030E /* AppUtils.swift in Sources */,
				598C2F452B37BB1C00C291C3 /* CardDetailsView.swift in Sources */,
				59BD328A2B752F9C00DC8F08 /* ViewModelProtocol.swift in Sources */,
				5926C5BB2B5C2FE60065030E /* Color+Extension.swift in Sources */,
				598C2F022B34C66200C291C3 /* Persistence.swift in Sources */,
				598C2F3D2B360DC800C291C3 /* AddCardView.swift in Sources */,
			);
			runOnlyForDeploymentPostprocessing = 0;
		};
		598C2F0E2B34C66300C291C3 /* Sources */ = {
			isa = PBXSourcesBuildPhase;
			buildActionMask = 2147483647;
			files = (
				598C2F172B34C66300C291C3 /* SafeWalletTests.swift in Sources */,
			);
			runOnlyForDeploymentPostprocessing = 0;
		};
		598C2F182B34C66300C291C3 /* Sources */ = {
			isa = PBXSourcesBuildPhase;
			buildActionMask = 2147483647;
			files = (
				598C2F232B34C66300C291C3 /* SafeWalletUITestsLaunchTests.swift in Sources */,
				598C2F212B34C66300C291C3 /* SafeWalletUITests.swift in Sources */,
			);
			runOnlyForDeploymentPostprocessing = 0;
		};
/* End PBXSourcesBuildPhase section */

/* Begin PBXTargetDependency section */
		598C2F142B34C66300C291C3 /* PBXTargetDependency */ = {
			isa = PBXTargetDependency;
			target = 598C2EFB2B34C66200C291C3 /* SafeWallet */;
			targetProxy = 598C2F132B34C66300C291C3 /* PBXContainerItemProxy */;
		};
		598C2F1E2B34C66300C291C3 /* PBXTargetDependency */ = {
			isa = PBXTargetDependency;
			target = 598C2EFB2B34C66200C291C3 /* SafeWallet */;
			targetProxy = 598C2F1D2B34C66300C291C3 /* PBXContainerItemProxy */;
		};
/* End PBXTargetDependency section */

/* Begin XCBuildConfiguration section */
		598C2F242B34C66300C291C3 /* Debug */ = {
			isa = XCBuildConfiguration;
			buildSettings = {
				ALWAYS_SEARCH_USER_PATHS = NO;
				ASSETCATALOG_COMPILER_GENERATE_SWIFT_ASSET_SYMBOL_EXTENSIONS = YES;
				CLANG_ANALYZER_NONNULL = YES;
				CLANG_ANALYZER_NUMBER_OBJECT_CONVERSION = YES_AGGRESSIVE;
				CLANG_CXX_LANGUAGE_STANDARD = "gnu++20";
				CLANG_ENABLE_MODULES = YES;
				CLANG_ENABLE_OBJC_ARC = YES;
				CLANG_ENABLE_OBJC_WEAK = YES;
				CLANG_WARN_BLOCK_CAPTURE_AUTORELEASING = YES;
				CLANG_WARN_BOOL_CONVERSION = YES;
				CLANG_WARN_COMMA = YES;
				CLANG_WARN_CONSTANT_CONVERSION = YES;
				CLANG_WARN_DEPRECATED_OBJC_IMPLEMENTATIONS = YES;
				CLANG_WARN_DIRECT_OBJC_ISA_USAGE = YES_ERROR;
				CLANG_WARN_DOCUMENTATION_COMMENTS = YES;
				CLANG_WARN_EMPTY_BODY = YES;
				CLANG_WARN_ENUM_CONVERSION = YES;
				CLANG_WARN_INFINITE_RECURSION = YES;
				CLANG_WARN_INT_CONVERSION = YES;
				CLANG_WARN_NON_LITERAL_NULL_CONVERSION = YES;
				CLANG_WARN_OBJC_IMPLICIT_RETAIN_SELF = YES;
				CLANG_WARN_OBJC_LITERAL_CONVERSION = YES;
				CLANG_WARN_OBJC_ROOT_CLASS = YES_ERROR;
				CLANG_WARN_QUOTED_INCLUDE_IN_FRAMEWORK_HEADER = YES;
				CLANG_WARN_RANGE_LOOP_ANALYSIS = YES;
				CLANG_WARN_STRICT_PROTOTYPES = YES;
				CLANG_WARN_SUSPICIOUS_MOVE = YES;
				CLANG_WARN_UNGUARDED_AVAILABILITY = YES_AGGRESSIVE;
				CLANG_WARN_UNREACHABLE_CODE = YES;
				CLANG_WARN__DUPLICATE_METHOD_MATCH = YES;
				COPY_PHASE_STRIP = NO;
				DEBUG_INFORMATION_FORMAT = dwarf;
				ENABLE_STRICT_OBJC_MSGSEND = YES;
				ENABLE_TESTABILITY = YES;
				ENABLE_USER_SCRIPT_SANDBOXING = YES;
				GCC_C_LANGUAGE_STANDARD = gnu17;
				GCC_DYNAMIC_NO_PIC = NO;
				GCC_NO_COMMON_BLOCKS = YES;
				GCC_OPTIMIZATION_LEVEL = 0;
				GCC_PREPROCESSOR_DEFINITIONS = (
					"DEBUG=1",
					"$(inherited)",
				);
				GCC_WARN_64_TO_32_BIT_CONVERSION = YES;
				GCC_WARN_ABOUT_RETURN_TYPE = YES_ERROR;
				GCC_WARN_UNDECLARED_SELECTOR = YES;
				GCC_WARN_UNINITIALIZED_AUTOS = YES_AGGRESSIVE;
				GCC_WARN_UNUSED_FUNCTION = YES;
				GCC_WARN_UNUSED_VARIABLE = YES;
				LOCALIZATION_PREFERS_STRING_CATALOGS = YES;
				MTL_ENABLE_DEBUG_INFO = INCLUDE_SOURCE;
				MTL_FAST_MATH = YES;
				ONLY_ACTIVE_ARCH = YES;
				SWIFT_ACTIVE_COMPILATION_CONDITIONS = "DEBUG $(inherited)";
				SWIFT_OPTIMIZATION_LEVEL = "-Onone";
			};
			name = Debug;
		};
		598C2F252B34C66300C291C3 /* Release */ = {
			isa = XCBuildConfiguration;
			buildSettings = {
				ALWAYS_SEARCH_USER_PATHS = NO;
				ASSETCATALOG_COMPILER_GENERATE_SWIFT_ASSET_SYMBOL_EXTENSIONS = YES;
				CLANG_ANALYZER_NONNULL = YES;
				CLANG_ANALYZER_NUMBER_OBJECT_CONVERSION = YES_AGGRESSIVE;
				CLANG_CXX_LANGUAGE_STANDARD = "gnu++20";
				CLANG_ENABLE_MODULES = YES;
				CLANG_ENABLE_OBJC_ARC = YES;
				CLANG_ENABLE_OBJC_WEAK = YES;
				CLANG_WARN_BLOCK_CAPTURE_AUTORELEASING = YES;
				CLANG_WARN_BOOL_CONVERSION = YES;
				CLANG_WARN_COMMA = YES;
				CLANG_WARN_CONSTANT_CONVERSION = YES;
				CLANG_WARN_DEPRECATED_OBJC_IMPLEMENTATIONS = YES;
				CLANG_WARN_DIRECT_OBJC_ISA_USAGE = YES_ERROR;
				CLANG_WARN_DOCUMENTATION_COMMENTS = YES;
				CLANG_WARN_EMPTY_BODY = YES;
				CLANG_WARN_ENUM_CONVERSION = YES;
				CLANG_WARN_INFINITE_RECURSION = YES;
				CLANG_WARN_INT_CONVERSION = YES;
				CLANG_WARN_NON_LITERAL_NULL_CONVERSION = YES;
				CLANG_WARN_OBJC_IMPLICIT_RETAIN_SELF = YES;
				CLANG_WARN_OBJC_LITERAL_CONVERSION = YES;
				CLANG_WARN_OBJC_ROOT_CLASS = YES_ERROR;
				CLANG_WARN_QUOTED_INCLUDE_IN_FRAMEWORK_HEADER = YES;
				CLANG_WARN_RANGE_LOOP_ANALYSIS = YES;
				CLANG_WARN_STRICT_PROTOTYPES = YES;
				CLANG_WARN_SUSPICIOUS_MOVE = YES;
				CLANG_WARN_UNGUARDED_AVAILABILITY = YES_AGGRESSIVE;
				CLANG_WARN_UNREACHABLE_CODE = YES;
				CLANG_WARN__DUPLICATE_METHOD_MATCH = YES;
				COPY_PHASE_STRIP = NO;
				DEBUG_INFORMATION_FORMAT = "dwarf-with-dsym";
				ENABLE_NS_ASSERTIONS = NO;
				ENABLE_STRICT_OBJC_MSGSEND = YES;
				ENABLE_USER_SCRIPT_SANDBOXING = YES;
				GCC_C_LANGUAGE_STANDARD = gnu17;
				GCC_NO_COMMON_BLOCKS = YES;
				GCC_WARN_64_TO_32_BIT_CONVERSION = YES;
				GCC_WARN_ABOUT_RETURN_TYPE = YES_ERROR;
				GCC_WARN_UNDECLARED_SELECTOR = YES;
				GCC_WARN_UNINITIALIZED_AUTOS = YES_AGGRESSIVE;
				GCC_WARN_UNUSED_FUNCTION = YES;
				GCC_WARN_UNUSED_VARIABLE = YES;
				LOCALIZATION_PREFERS_STRING_CATALOGS = YES;
				MTL_ENABLE_DEBUG_INFO = NO;
				MTL_FAST_MATH = YES;
				SWIFT_COMPILATION_MODE = wholemodule;
			};
			name = Release;
		};
		598C2F272B34C66300C291C3 /* Debug */ = {
			isa = XCBuildConfiguration;
			buildSettings = {
				ASSETCATALOG_COMPILER_APPICON_NAME = AppIcon;
				ASSETCATALOG_COMPILER_GLOBAL_ACCENT_COLOR_NAME = AccentColor;
				CODE_SIGN_ENTITLEMENTS = SafeWallet/SafeWallet.entitlements;
				CODE_SIGN_STYLE = Automatic;
				CURRENT_PROJECT_VERSION = 1;
				DEVELOPMENT_ASSET_PATHS = "\"SafeWallet/Preview Content\"";
				DEVELOPMENT_TEAM = A6GHV7RSLG;
				ENABLE_HARDENED_RUNTIME = YES;
				ENABLE_PREVIEWS = YES;
				GENERATE_INFOPLIST_FILE = YES;
				INFOPLIST_FILE = SafeWallet/Info.plist;
				INFOPLIST_KEY_NSFaceIDUsageDescription = "Protect users card's with authentication";
				"INFOPLIST_KEY_UIApplicationSceneManifest_Generation[sdk=iphoneos*]" = YES;
				"INFOPLIST_KEY_UIApplicationSceneManifest_Generation[sdk=iphonesimulator*]" = YES;
				"INFOPLIST_KEY_UIApplicationSupportsIndirectInputEvents[sdk=iphoneos*]" = YES;
				"INFOPLIST_KEY_UIApplicationSupportsIndirectInputEvents[sdk=iphonesimulator*]" = YES;
				"INFOPLIST_KEY_UILaunchScreen_Generation[sdk=iphoneos*]" = YES;
				"INFOPLIST_KEY_UILaunchScreen_Generation[sdk=iphonesimulator*]" = YES;
				"INFOPLIST_KEY_UIStatusBarStyle[sdk=iphoneos*]" = UIStatusBarStyleDefault;
				"INFOPLIST_KEY_UIStatusBarStyle[sdk=iphonesimulator*]" = UIStatusBarStyleDefault;
				INFOPLIST_KEY_UISupportedInterfaceOrientations_iPad = "UIInterfaceOrientationPortrait UIInterfaceOrientationPortraitUpsideDown UIInterfaceOrientationLandscapeLeft UIInterfaceOrientationLandscapeRight";
				INFOPLIST_KEY_UISupportedInterfaceOrientations_iPhone = "UIInterfaceOrientationPortrait UIInterfaceOrientationLandscapeLeft UIInterfaceOrientationLandscapeRight";
				IPHONEOS_DEPLOYMENT_TARGET = 17.0;
				LD_RUNPATH_SEARCH_PATHS = "@executable_path/Frameworks";
				"LD_RUNPATH_SEARCH_PATHS[sdk=macosx*]" = "@executable_path/../Frameworks";
				MACOSX_DEPLOYMENT_TARGET = 13.5;
				MARKETING_VERSION = 1.0;
				PRODUCT_BUNDLE_IDENTIFIER = SevenBackwards.SafeWallet;
				PRODUCT_NAME = "$(TARGET_NAME)";
				SDKROOT = auto;
				SUPPORTED_PLATFORMS = "iphoneos iphonesimulator";
				SUPPORTS_MACCATALYST = NO;
				SWIFT_EMIT_LOC_STRINGS = YES;
				SWIFT_VERSION = 5.0;
				TARGETED_DEVICE_FAMILY = "1,2";
			};
			name = Debug;
		};
		598C2F282B34C66300C291C3 /* Release */ = {
			isa = XCBuildConfiguration;
			buildSettings = {
				ASSETCATALOG_COMPILER_APPICON_NAME = AppIcon;
				ASSETCATALOG_COMPILER_GLOBAL_ACCENT_COLOR_NAME = AccentColor;
				CODE_SIGN_ENTITLEMENTS = SafeWallet/SafeWallet.entitlements;
				CODE_SIGN_STYLE = Automatic;
				CURRENT_PROJECT_VERSION = 1;
				DEVELOPMENT_ASSET_PATHS = "\"SafeWallet/Preview Content\"";
				DEVELOPMENT_TEAM = A6GHV7RSLG;
				ENABLE_HARDENED_RUNTIME = YES;
				ENABLE_PREVIEWS = YES;
				GENERATE_INFOPLIST_FILE = YES;
				INFOPLIST_FILE = SafeWallet/Info.plist;
				INFOPLIST_KEY_NSFaceIDUsageDescription = "Protect users card's with authentication";
				"INFOPLIST_KEY_UIApplicationSceneManifest_Generation[sdk=iphoneos*]" = YES;
				"INFOPLIST_KEY_UIApplicationSceneManifest_Generation[sdk=iphonesimulator*]" = YES;
				"INFOPLIST_KEY_UIApplicationSupportsIndirectInputEvents[sdk=iphoneos*]" = YES;
				"INFOPLIST_KEY_UIApplicationSupportsIndirectInputEvents[sdk=iphonesimulator*]" = YES;
				"INFOPLIST_KEY_UILaunchScreen_Generation[sdk=iphoneos*]" = YES;
				"INFOPLIST_KEY_UILaunchScreen_Generation[sdk=iphonesimulator*]" = YES;
				"INFOPLIST_KEY_UIStatusBarStyle[sdk=iphoneos*]" = UIStatusBarStyleDefault;
				"INFOPLIST_KEY_UIStatusBarStyle[sdk=iphonesimulator*]" = UIStatusBarStyleDefault;
				INFOPLIST_KEY_UISupportedInterfaceOrientations_iPad = "UIInterfaceOrientationPortrait UIInterfaceOrientationPortraitUpsideDown UIInterfaceOrientationLandscapeLeft UIInterfaceOrientationLandscapeRight";
				INFOPLIST_KEY_UISupportedInterfaceOrientations_iPhone = "UIInterfaceOrientationPortrait UIInterfaceOrientationLandscapeLeft UIInterfaceOrientationLandscapeRight";
				IPHONEOS_DEPLOYMENT_TARGET = 17.0;
				LD_RUNPATH_SEARCH_PATHS = "@executable_path/Frameworks";
				"LD_RUNPATH_SEARCH_PATHS[sdk=macosx*]" = "@executable_path/../Frameworks";
				MACOSX_DEPLOYMENT_TARGET = 13.5;
				MARKETING_VERSION = 1.0;
				PRODUCT_BUNDLE_IDENTIFIER = SevenBackwards.SafeWallet;
				PRODUCT_NAME = "$(TARGET_NAME)";
				SDKROOT = auto;
				SUPPORTED_PLATFORMS = "iphoneos iphonesimulator";
				SUPPORTS_MACCATALYST = NO;
				SWIFT_EMIT_LOC_STRINGS = YES;
				SWIFT_VERSION = 5.0;
				TARGETED_DEVICE_FAMILY = "1,2";
			};
			name = Release;
		};
		598C2F2A2B34C66300C291C3 /* Debug */ = {
			isa = XCBuildConfiguration;
			buildSettings = {
				ALWAYS_EMBED_SWIFT_STANDARD_LIBRARIES = YES;
				BUNDLE_LOADER = "$(TEST_HOST)";
				CODE_SIGN_STYLE = Automatic;
				CURRENT_PROJECT_VERSION = 1;
				DEVELOPMENT_TEAM = A6GHV7RSLG;
				GENERATE_INFOPLIST_FILE = YES;
				IPHONEOS_DEPLOYMENT_TARGET = 17.2;
				MACOSX_DEPLOYMENT_TARGET = 13.5;
				MARKETING_VERSION = 1.0;
				PRODUCT_BUNDLE_IDENTIFIER = SevenBackwards.SafeWalletTests;
				PRODUCT_NAME = "$(TARGET_NAME)";
				SDKROOT = auto;
				SUPPORTED_PLATFORMS = "iphoneos iphonesimulator macosx";
				SWIFT_EMIT_LOC_STRINGS = NO;
				SWIFT_VERSION = 5.0;
				TARGETED_DEVICE_FAMILY = "1,2";
				TEST_HOST = "$(BUILT_PRODUCTS_DIR)/SafeWallet.app/$(BUNDLE_EXECUTABLE_FOLDER_PATH)/SafeWallet";
			};
			name = Debug;
		};
		598C2F2B2B34C66300C291C3 /* Release */ = {
			isa = XCBuildConfiguration;
			buildSettings = {
				ALWAYS_EMBED_SWIFT_STANDARD_LIBRARIES = YES;
				BUNDLE_LOADER = "$(TEST_HOST)";
				CODE_SIGN_STYLE = Automatic;
				CURRENT_PROJECT_VERSION = 1;
				DEVELOPMENT_TEAM = A6GHV7RSLG;
				GENERATE_INFOPLIST_FILE = YES;
				IPHONEOS_DEPLOYMENT_TARGET = 17.2;
				MACOSX_DEPLOYMENT_TARGET = 13.5;
				MARKETING_VERSION = 1.0;
				PRODUCT_BUNDLE_IDENTIFIER = SevenBackwards.SafeWalletTests;
				PRODUCT_NAME = "$(TARGET_NAME)";
				SDKROOT = auto;
				SUPPORTED_PLATFORMS = "iphoneos iphonesimulator macosx";
				SWIFT_EMIT_LOC_STRINGS = NO;
				SWIFT_VERSION = 5.0;
				TARGETED_DEVICE_FAMILY = "1,2";
				TEST_HOST = "$(BUILT_PRODUCTS_DIR)/SafeWallet.app/$(BUNDLE_EXECUTABLE_FOLDER_PATH)/SafeWallet";
			};
			name = Release;
		};
		598C2F2D2B34C66300C291C3 /* Debug */ = {
			isa = XCBuildConfiguration;
			buildSettings = {
				ALWAYS_EMBED_SWIFT_STANDARD_LIBRARIES = YES;
				CODE_SIGN_STYLE = Automatic;
				CURRENT_PROJECT_VERSION = 1;
				DEVELOPMENT_TEAM = A6GHV7RSLG;
				GENERATE_INFOPLIST_FILE = YES;
				IPHONEOS_DEPLOYMENT_TARGET = 17.2;
				MACOSX_DEPLOYMENT_TARGET = 13.5;
				MARKETING_VERSION = 1.0;
				PRODUCT_BUNDLE_IDENTIFIER = SevenBackwards.SafeWalletUITests;
				PRODUCT_NAME = "$(TARGET_NAME)";
				SDKROOT = auto;
				SUPPORTED_PLATFORMS = "iphoneos iphonesimulator macosx";
				SWIFT_EMIT_LOC_STRINGS = NO;
				SWIFT_VERSION = 5.0;
				TARGETED_DEVICE_FAMILY = "1,2";
				TEST_TARGET_NAME = SafeWallet;
			};
			name = Debug;
		};
		598C2F2E2B34C66300C291C3 /* Release */ = {
			isa = XCBuildConfiguration;
			buildSettings = {
				ALWAYS_EMBED_SWIFT_STANDARD_LIBRARIES = YES;
				CODE_SIGN_STYLE = Automatic;
				CURRENT_PROJECT_VERSION = 1;
				DEVELOPMENT_TEAM = A6GHV7RSLG;
				GENERATE_INFOPLIST_FILE = YES;
				IPHONEOS_DEPLOYMENT_TARGET = 17.2;
				MACOSX_DEPLOYMENT_TARGET = 13.5;
				MARKETING_VERSION = 1.0;
				PRODUCT_BUNDLE_IDENTIFIER = SevenBackwards.SafeWalletUITests;
				PRODUCT_NAME = "$(TARGET_NAME)";
				SDKROOT = auto;
				SUPPORTED_PLATFORMS = "iphoneos iphonesimulator macosx";
				SWIFT_EMIT_LOC_STRINGS = NO;
				SWIFT_VERSION = 5.0;
				TARGETED_DEVICE_FAMILY = "1,2";
				TEST_TARGET_NAME = SafeWallet;
			};
			name = Release;
		};
/* End XCBuildConfiguration section */

/* Begin XCConfigurationList section */
		598C2EF72B34C66200C291C3 /* Build configuration list for PBXProject "SafeWallet" */ = {
			isa = XCConfigurationList;
			buildConfigurations = (
				598C2F242B34C66300C291C3 /* Debug */,
				598C2F252B34C66300C291C3 /* Release */,
			);
			defaultConfigurationIsVisible = 0;
			defaultConfigurationName = Release;
		};
		598C2F262B34C66300C291C3 /* Build configuration list for PBXNativeTarget "SafeWallet" */ = {
			isa = XCConfigurationList;
			buildConfigurations = (
				598C2F272B34C66300C291C3 /* Debug */,
				598C2F282B34C66300C291C3 /* Release */,
			);
			defaultConfigurationIsVisible = 0;
			defaultConfigurationName = Release;
		};
		598C2F292B34C66300C291C3 /* Build configuration list for PBXNativeTarget "SafeWalletTests" */ = {
			isa = XCConfigurationList;
			buildConfigurations = (
				598C2F2A2B34C66300C291C3 /* Debug */,
				598C2F2B2B34C66300C291C3 /* Release */,
			);
			defaultConfigurationIsVisible = 0;
			defaultConfigurationName = Release;
		};
		598C2F2C2B34C66300C291C3 /* Build configuration list for PBXNativeTarget "SafeWalletUITests" */ = {
			isa = XCConfigurationList;
			buildConfigurations = (
				598C2F2D2B34C66300C291C3 /* Debug */,
				598C2F2E2B34C66300C291C3 /* Release */,
			);
			defaultConfigurationIsVisible = 0;
			defaultConfigurationName = Release;
		};
/* End XCConfigurationList section */

/* Begin XCVersionGroup section */
		598C2F032B34C66200C291C3 /* SafeWallet.xcdatamodeld */ = {
			isa = XCVersionGroup;
			children = (
				598C2F042B34C66200C291C3 /* SafeWallet.xcdatamodel */,
			);
			currentVersion = 598C2F042B34C66200C291C3 /* SafeWallet.xcdatamodel */;
			path = SafeWallet.xcdatamodeld;
			sourceTree = "<group>";
			versionGroupType = wrapper.xcdatamodel;
		};
/* End XCVersionGroup section */
	};
	rootObject = 598C2EF42B34C66200C291C3 /* Project object */;
}
